{
  "name": "pages-blob-example",
  "version": "1.0.0",
  "lockfileVersion": 3,
  "requires": true,
  "packages": {
    "": {
      "name": "pages-blob-example",
      "version": "1.0.0",
      "license": "MIT",
      "dependencies": {
        "pages-blob-test": "latest"
      }
    },
    "node_modules/pages-blob-test": {
      "version": "0.0.14",
      "resolved": "https://registry.npmjs.org/pages-blob-test/-/pages-blob-test-0.0.14.tgz",
      "integrity": "sha512-qDCcBodYa+uupgojy/69ZcZbY5qghiyyI3RrC5BX6eFvCvC5WRpj4ZwQAVrIyE960VMdiq9rL+R1WKGyY1FhpA==",
      "license": "MIT",
      "engines": {
        "node": ">=18.0.0"
      }
    }
  }
}
